// !$*UTF8*$!
{
	archiveVersion = 1;
	classes = {
	};
	objectVersion = 46;
	objects = {

/* Begin PBXBuildFile section */
		EA55D60616D6D427006408E0 /* UIKit.framework in Frameworks */ = {isa = PBXBuildFile; fileRef = EA55D60516D6D427006408E0 /* UIKit.framework */; };
		EA55D60816D6D427006408E0 /* Foundation.framework in Frameworks */ = {isa = PBXBuildFile; fileRef = EA55D60716D6D427006408E0 /* Foundation.framework */; };
		EA55D60A16D6D427006408E0 /* CoreGraphics.framework in Frameworks */ = {isa = PBXBuildFile; fileRef = EA55D60916D6D427006408E0 /* CoreGraphics.framework */; };
		EA55D61016D6D427006408E0 /* InfoPlist.strings in Resources */ = {isa = PBXBuildFile; fileRef = EA55D60E16D6D427006408E0 /* InfoPlist.strings */; };
		EA55D61216D6D427006408E0 /* main.m in Sources */ = {isa = PBXBuildFile; fileRef = EA55D61116D6D427006408E0 /* main.m */; };
		EA55D61616D6D427006408E0 /* CLHUDAppDelegate.m in Sources */ = {isa = PBXBuildFile; fileRef = EA55D61516D6D427006408E0 /* CLHUDAppDelegate.m */; };
		EA55D61816D6D427006408E0 /* Default.png in Resources */ = {isa = PBXBuildFile; fileRef = EA55D61716D6D427006408E0 /* Default.png */; };
		EA55D61A16D6D427006408E0 /* Default@2x.png in Resources */ = {isa = PBXBuildFile; fileRef = EA55D61916D6D427006408E0 /* Default@2x.png */; };
		EA55D61C16D6D427006408E0 /* Default-568h@2x.png in Resources */ = {isa = PBXBuildFile; fileRef = EA55D61B16D6D427006408E0 /* Default-568h@2x.png */; };
		EA55D61F16D6D427006408E0 /* CLHUDViewController.m in Sources */ = {isa = PBXBuildFile; fileRef = EA55D61E16D6D427006408E0 /* CLHUDViewController.m */; };
		EA55D62216D6D427006408E0 /* CLHUDViewController.xib in Resources */ = {isa = PBXBuildFile; fileRef = EA55D62016D6D427006408E0 /* CLHUDViewController.xib */; };
		EA55D62B16D6D5C3006408E0 /* CLHUD.m in Sources */ = {isa = PBXBuildFile; fileRef = EA55D62A16D6D5C3006408E0 /* CLHUD.m */; };
/* End PBXBuildFile section */

/* Begin PBXFileReference section */
		EA55D60216D6D427006408E0 /* CLHUD.app */ = {isa = PBXFileReference; explicitFileType = wrapper.application; includeInIndex = 0; path = CLHUD.app; sourceTree = BUILT_PRODUCTS_DIR; };
		EA55D60516D6D427006408E0 /* UIKit.framework */ = {isa = PBXFileReference; lastKnownFileType = wrapper.framework; name = UIKit.framework; path = System/Library/Frameworks/UIKit.framework; sourceTree = SDKROOT; };
		EA55D60716D6D427006408E0 /* Foundation.framework */ = {isa = PBXFileReference; lastKnownFileType = wrapper.framework; name = Foundation.framework; path = System/Library/Frameworks/Foundation.framework; sourceTree = SDKROOT; };
		EA55D60916D6D427006408E0 /* CoreGraphics.framework */ = {isa = PBXFileReference; lastKnownFileType = wrapper.framework; name = CoreGraphics.framework; path = System/Library/Frameworks/CoreGraphics.framework; sourceTree = SDKROOT; };
		EA55D60D16D6D427006408E0 /* CLHUD-Info.plist */ = {isa = PBXFileReference; lastKnownFileType = text.plist.xml; path = "CLHUD-Info.plist"; sourceTree = "<group>"; };
		EA55D60F16D6D427006408E0 /* en */ = {isa = PBXFileReference; lastKnownFileType = text.plist.strings; name = en; path = en.lproj/InfoPlist.strings; sourceTree = "<group>"; };
		EA55D61116D6D427006408E0 /* main.m */ = {isa = PBXFileReference; lastKnownFileType = sourcecode.c.objc; path = main.m; sourceTree = "<group>"; };
		EA55D61316D6D427006408E0 /* CLHUD-Prefix.pch */ = {isa = PBXFileReference; lastKnownFileType = sourcecode.c.h; path = "CLHUD-Prefix.pch"; sourceTree = "<group>"; };
		EA55D61416D6D427006408E0 /* CLHUDAppDelegate.h */ = {isa = PBXFileReference; lastKnownFileType = sourcecode.c.h; path = CLHUDAppDelegate.h; sourceTree = "<group>"; };
		EA55D61516D6D427006408E0 /* CLHUDAppDelegate.m */ = {isa = PBXFileReference; lastKnownFileType = sourcecode.c.objc; path = CLHUDAppDelegate.m; sourceTree = "<group>"; };
		EA55D61716D6D427006408E0 /* Default.png */ = {isa = PBXFileReference; lastKnownFileType = image.png; path = Default.png; sourceTree = "<group>"; };
		EA55D61916D6D427006408E0 /* Default@2x.png */ = {isa = PBXFileReference; lastKnownFileType = image.png; path = "Default@2x.png"; sourceTree = "<group>"; };
		EA55D61B16D6D427006408E0 /* Default-568h@2x.png */ = {isa = PBXFileReference; lastKnownFileType = image.png; path = "Default-568h@2x.png"; sourceTree = "<group>"; };
		EA55D61D16D6D427006408E0 /* CLHUDViewController.h */ = {isa = PBXFileReference; lastKnownFileType = sourcecode.c.h; path = CLHUDViewController.h; sourceTree = "<group>"; };
		EA55D61E16D6D427006408E0 /* CLHUDViewController.m */ = {isa = PBXFileReference; lastKnownFileType = sourcecode.c.objc; path = CLHUDViewController.m; sourceTree = "<group>"; };
		EA55D62116D6D427006408E0 /* en */ = {isa = PBXFileReference; lastKnownFileType = file.xib; name = en; path = en.lproj/CLHUDViewController.xib; sourceTree = "<group>"; };
		EA55D62916D6D5C3006408E0 /* CLHUD.h */ = {isa = PBXFileReference; fileEncoding = 4; lastKnownFileType = sourcecode.c.h; name = CLHUD.h; path = Classes/CLHUD.h; sourceTree = "<group>"; };
		EA55D62A16D6D5C3006408E0 /* CLHUD.m */ = {isa = PBXFileReference; fileEncoding = 4; lastKnownFileType = sourcecode.c.objc; name = CLHUD.m; path = Classes/CLHUD.m; sourceTree = "<group>"; };
/* End PBXFileReference section */

/* Begin PBXFrameworksBuildPhase section */
		EA55D5FF16D6D427006408E0 /* Frameworks */ = {
			isa = PBXFrameworksBuildPhase;
			buildActionMask = 2147483647;
			files = (
				EA55D60616D6D427006408E0 /* UIKit.framework in Frameworks */,
				EA55D60816D6D427006408E0 /* Foundation.framework in Frameworks */,
				EA55D60A16D6D427006408E0 /* CoreGraphics.framework in Frameworks */,
			);
			runOnlyForDeploymentPostprocessing = 0;
		};
/* End PBXFrameworksBuildPhase section */

/* Begin PBXGroup section */
		EA55D5F916D6D427006408E0 = {
			isa = PBXGroup;
			children = (
				EA55D62816D6D5A7006408E0 /* Classes */,
				EA55D60B16D6D427006408E0 /* CLHUD */,
				EA55D60416D6D427006408E0 /* Frameworks */,
				EA55D60316D6D427006408E0 /* Products */,
			);
			sourceTree = "<group>";
		};
		EA55D60316D6D427006408E0 /* Products */ = {
			isa = PBXGroup;
			children = (
				EA55D60216D6D427006408E0 /* CLHUD.app */,
			);
			name = Products;
			sourceTree = "<group>";
		};
		EA55D60416D6D427006408E0 /* Frameworks */ = {
			isa = PBXGroup;
			children = (
				EA55D60516D6D427006408E0 /* UIKit.framework */,
				EA55D60716D6D427006408E0 /* Foundation.framework */,
				EA55D60916D6D427006408E0 /* CoreGraphics.framework */,
			);
			name = Frameworks;
			sourceTree = "<group>";
		};
		EA55D60B16D6D427006408E0 /* CLHUD */ = {
			isa = PBXGroup;
			children = (
				EA55D61416D6D427006408E0 /* CLHUDAppDelegate.h */,
				EA55D61516D6D427006408E0 /* CLHUDAppDelegate.m */,
				EA55D61D16D6D427006408E0 /* CLHUDViewController.h */,
				EA55D61E16D6D427006408E0 /* CLHUDViewController.m */,
				EA55D62016D6D427006408E0 /* CLHUDViewController.xib */,
				EA55D60C16D6D427006408E0 /* Supporting Files */,
			);
			path = CLHUD;
			sourceTree = "<group>";
		};
		EA55D60C16D6D427006408E0 /* Supporting Files */ = {
			isa = PBXGroup;
			children = (
				EA55D60D16D6D427006408E0 /* CLHUD-Info.plist */,
				EA55D60E16D6D427006408E0 /* InfoPlist.strings */,
				EA55D61116D6D427006408E0 /* main.m */,
				EA55D61316D6D427006408E0 /* CLHUD-Prefix.pch */,
				EA55D61716D6D427006408E0 /* Default.png */,
				EA55D61916D6D427006408E0 /* Default@2x.png */,
				EA55D61B16D6D427006408E0 /* Default-568h@2x.png */,
			);
			name = "Supporting Files";
			sourceTree = "<group>";
		};
		EA55D62816D6D5A7006408E0 /* Classes */ = {
			isa = PBXGroup;
			children = (
				EA55D62916D6D5C3006408E0 /* CLHUD.h */,
				EA55D62A16D6D5C3006408E0 /* CLHUD.m */,
			);
			name = Classes;
			sourceTree = "<group>";
		};
/* End PBXGroup section */

/* Begin PBXNativeTarget section */
		EA55D60116D6D427006408E0 /* CLHUD */ = {
			isa = PBXNativeTarget;
			buildConfigurationList = EA55D62516D6D427006408E0 /* Build configuration list for PBXNativeTarget "CLHUD" */;
			buildPhases = (
				EA55D5FE16D6D427006408E0 /* Sources */,
				EA55D5FF16D6D427006408E0 /* Frameworks */,
				EA55D60016D6D427006408E0 /* Resources */,
			);
			buildRules = (
			);
			dependencies = (
			);
			name = CLHUD;
			productName = CLHUD;
			productReference = EA55D60216D6D427006408E0 /* CLHUD.app */;
			productType = "com.apple.product-type.application";
		};
/* End PBXNativeTarget section */

/* Begin PBXProject section */
		EA55D5FA16D6D427006408E0 /* Project object */ = {
			isa = PBXProject;
			attributes = {
				CLASSPREFIX = CL;
				LastUpgradeCheck = 0460;
				ORGANIZATIONNAME = "Chris Ledet";
			};
			buildConfigurationList = EA55D5FD16D6D427006408E0 /* Build configuration list for PBXProject "CLHUD" */;
			compatibilityVersion = "Xcode 3.2";
			developmentRegion = English;
			hasScannedForEncodings = 0;
			knownRegions = (
				en,
			);
			mainGroup = EA55D5F916D6D427006408E0;
			productRefGroup = EA55D60316D6D427006408E0 /* Products */;
			projectDirPath = "";
			projectRoot = "";
			targets = (
				EA55D60116D6D427006408E0 /* CLHUD */,
			);
		};
/* End PBXProject section */

/* Begin PBXResourcesBuildPhase section */
		EA55D60016D6D427006408E0 /* Resources */ = {
			isa = PBXResourcesBuildPhase;
			buildActionMask = 2147483647;
			files = (
				EA55D61016D6D427006408E0 /* InfoPlist.strings in Resources */,
				EA55D61816D6D427006408E0 /* Default.png in Resources */,
				EA55D61A16D6D427006408E0 /* Default@2x.png in Resources */,
				EA55D61C16D6D427006408E0 /* Default-568h@2x.png in Resources */,
				EA55D62216D6D427006408E0 /* CLHUDViewController.xib in Resources */,
			);
			runOnlyForDeploymentPostprocessing = 0;
		};
/* End PBXResourcesBuildPhase section */

/* Begin PBXSourcesBuildPhase section */
		EA55D5FE16D6D427006408E0 /* Sources */ = {
			isa = PBXSourcesBuildPhase;
			buildActionMask = 2147483647;
			files = (
				EA55D61216D6D427006408E0 /* main.m in Sources */,
				EA55D61616D6D427006408E0 /* CLHUDAppDelegate.m in Sources */,
				EA55D61F16D6D427006408E0 /* CLHUDViewController.m in Sources */,
				EA55D62B16D6D5C3006408E0 /* CLHUD.m in Sources */,
			);
			runOnlyForDeploymentPostprocessing = 0;
		};
/* End PBXSourcesBuildPhase section */

/* Begin PBXVariantGroup section */
		EA55D60E16D6D427006408E0 /* InfoPlist.strings */ = {
			isa = PBXVariantGroup;
			children = (
				EA55D60F16D6D427006408E0 /* en */,
			);
			name = InfoPlist.strings;
			sourceTree = "<group>";
		};
		EA55D62016D6D427006408E0 /* CLHUDViewController.xib */ = {
			isa = PBXVariantGroup;
			children = (
				EA55D62116D6D427006408E0 /* en */,
			);
			name = CLHUDViewController.xib;
			sourceTree = "<group>";
		};
/* End PBXVariantGroup section */

/* Begin XCBuildConfiguration section */
		EA55D62316D6D427006408E0 /* Debug */ = {
			isa = XCBuildConfiguration;
			buildSettings = {
				ALWAYS_SEARCH_USER_PATHS = NO;
				CLANG_CXX_LANGUAGE_STANDARD = "gnu++0x";
				CLANG_CXX_LIBRARY = "libc++";
				CLANG_ENABLE_OBJC_ARC = YES;
				CLANG_WARN_CONSTANT_CONVERSION = YES;
				CLANG_WARN_EMPTY_BODY = YES;
				CLANG_WARN_ENUM_CONVERSION = YES;
				CLANG_WARN_INT_CONVERSION = YES;
				CLANG_WARN__DUPLICATE_METHOD_MATCH = YES;
				CODE_SIGN_IDENTITY = "";
				"CODE_SIGN_IDENTITY[sdk=iphoneos*]" = "iPhone Developer";
				COPY_PHASE_STRIP = NO;
				GCC_C_LANGUAGE_STANDARD = gnu99;
				GCC_DYNAMIC_NO_PIC = NO;
				GCC_OPTIMIZATION_LEVEL = 0;
				GCC_PREPROCESSOR_DEFINITIONS = (
					"DEBUG=1",
					"$(inherited)",
				);
				GCC_SYMBOLS_PRIVATE_EXTERN = NO;
				GCC_WARN_ABOUT_RETURN_TYPE = YES;
				GCC_WARN_UNINITIALIZED_AUTOS = YES;
				GCC_WARN_UNUSED_VARIABLE = YES;
				IPHONEOS_DEPLOYMENT_TARGET = 6.1;
				ONLY_ACTIVE_ARCH = YES;
				SDKROOT = iphoneos;
			};
			name = Debug;
		};
		EA55D62416D6D427006408E0 /* Release */ = {
			isa = XCBuildConfiguration;
			buildSettings = {
				ALWAYS_SEARCH_USER_PATHS = NO;
				CLANG_CXX_LANGUAGE_STANDARD = "gnu++0x";
				CLANG_CXX_LIBRARY = "libc++";
				CLANG_ENABLE_OBJC_ARC = YES;
				CLANG_WARN_CONSTANT_CONVERSION = YES;
				CLANG_WARN_EMPTY_BODY = YES;
				CLANG_WARN_ENUM_CONVERSION = YES;
				CLANG_WARN_INT_CONVERSION = YES;
				CLANG_WARN__DUPLICATE_METHOD_MATCH = YES;
				CODE_SIGN_IDENTITY = "";
				"CODE_SIGN_IDENTITY[sdk=iphoneos*]" = "iPhone Developer";
				COPY_PHASE_STRIP = YES;
				GCC_C_LANGUAGE_STANDARD = gnu99;
				GCC_WARN_ABOUT_RETURN_TYPE = YES;
				GCC_WARN_UNINITIALIZED_AUTOS = YES;
				GCC_WARN_UNUSED_VARIABLE = YES;
				IPHONEOS_DEPLOYMENT_TARGET = 6.1;
				OTHER_CFLAGS = "-DNS_BLOCK_ASSERTIONS=1";
				SDKROOT = iphoneos;
				VALIDATE_PRODUCT = YES;
			};
			name = Release;
		};
		EA55D62616D6D427006408E0 /* Debug */ = {
			isa = XCBuildConfiguration;
			buildSettings = {
				GCC_PRECOMPILE_PREFIX_HEADER = YES;
				GCC_PREFIX_HEADER = "CLHUD/CLHUD-Prefix.pch";
				INFOPLIST_FILE = "CLHUD/CLHUD-Info.plist";
				PRODUCT_NAME = "$(TARGET_NAME)";
				WRAPPER_EXTENSION = app;
			};
			name = Debug;
		};
		EA55D62716D6D427006408E0 /* Release */ = {
			isa = XCBuildConfiguration;
			buildSettings = {
				GCC_PRECOMPILE_PREFIX_HEADER = YES;
				GCC_PREFIX_HEADER = "CLHUD/CLHUD-Prefix.pch";
				INFOPLIST_FILE = "CLHUD/CLHUD-Info.plist";
				PRODUCT_NAME = "$(TARGET_NAME)";
				WRAPPER_EXTENSION = app;
			};
			name = Release;
		};
/* End XCBuildConfiguration section */

/* Begin XCConfigurationList section */
		EA55D5FD16D6D427006408E0 /* Build configuration list for PBXProject "CLHUD" */ = {
			isa = XCConfigurationList;
			buildConfigurations = (
				EA55D62316D6D427006408E0 /* Debug */,
				EA55D62416D6D427006408E0 /* Release */,
			);
			defaultConfigurationIsVisible = 0;
			defaultConfigurationName = Release;
		};
		EA55D62516D6D427006408E0 /* Build configuration list for PBXNativeTarget "CLHUD" */ = {
			isa = XCConfigurationList;
			buildConfigurations = (
				EA55D62616D6D427006408E0 /* Debug */,
				EA55D62716D6D427006408E0 /* Release */,
			);
			defaultConfigurationIsVisible = 0;
			defaultConfigurationName = Release;
		};
/* End XCConfigurationList section */
	};
	rootObject = EA55D5FA16D6D427006408E0 /* Project object */;
}
